
Microsoft Visual Studio Solution File, Format Version 12.00
# Visual Studio Version 17
VisualStudioVersion = 17.3.32929.385
MinimumVisualStudioVersion = 10.0.40219.1
Project("{FAE04EC0-301F-11D3-BF4B-00C04F79EFBC}") = "AspNetCoreApp.Web", "AspNetCoreApp.Web\AspNetCoreApp.Web.csproj", "{A659AABE-F316-447B-A225-DDCFEA44AF05}"
EndProject
Global
	GlobalSection(SolutionConfigurationPlatforms) = preSolution
		Debug|Any CPU = Debug|Any CPU
		Release|Any CPU = Release|Any CPU
	EndGlobalSection
	GlobalSection(ProjectConfigurationPlatforms) = postSolution
		{A659AABE-F316-447B-A225-DDCFEA44AF05}.Debug|Any CPU.ActiveCfg = Debug|Any CPU
		{A659AABE-F316-447B-A225-DDCFEA44AF05}.Debug|Any CPU.Build.0 = Debug|Any CPU
		{A659AABE-F316-447B-A225-DDCFEA44AF05}.Release|Any CPU.ActiveCfg = Release|Any CPU
		{A659AABE-F316-447B-A225-DDCFEA44AF05}.Release|Any CPU.Build.0 = Release|Any CPU
	EndGlobalSection
	GlobalSection(SolutionProperties) = preSolution
		HideSolutionNode = FALSE
	EndGlobalSection
	GlobalSection(ExtensibilityGlobals) = postSolution
		SolutionGuid = {086C05B0-8C30-4C24-BB0F-9E698C8A538D}
	EndGlobalSection
EndGlobal
